// !$*UTF8*$!
{
	archiveVersion = 1;
	classes = {
	};
	objectVersion = 50;
	objects = {

/* Begin PBXBuildFile section */
		496255EC2120249100850949 /* ExerciseListsCollectionViewCell.swift in Sources */ = {isa = PBXBuildFile; fileRef = 496255EB2120249100850949 /* ExerciseListsCollectionViewCell.swift */; };
		5B7B9BAB749E5FC0E01CB0B6 /* Pods_fitnesskeeper.framework in Frameworks */ = {isa = PBXBuildFile; fileRef = A7E07F29DAB706F55AB10C30 /* Pods_fitnesskeeper.framework */; };
		CE37B73C2199646F00F7B67B /* NavigationController.swift in Sources */ = {isa = PBXBuildFile; fileRef = CE37B73B2199646F00F7B67B /* NavigationController.swift */; };
		CE37B73E2199648700F7B67B /* ChooseNavigationController.swift in Sources */ = {isa = PBXBuildFile; fileRef = CE37B73D2199648700F7B67B /* ChooseNavigationController.swift */; };
		CE37B7402199649A00F7B67B /* ViewController.swift in Sources */ = {isa = PBXBuildFile; fileRef = CE37B73F2199649A00F7B67B /* ViewController.swift */; };
		CE37B7422199649F00F7B67B /* LeftViewCell.swift in Sources */ = {isa = PBXBuildFile; fileRef = CE37B7412199649F00F7B67B /* LeftViewCell.swift */; };
		CE37B744219964AA00F7B67B /* LeftViewController.swift in Sources */ = {isa = PBXBuildFile; fileRef = CE37B743219964AA00F7B67B /* LeftViewController.swift */; };
		CE4325EC211F4A8D00400FE5 /* GoogleService-Info.plist in Resources */ = {isa = PBXBuildFile; fileRef = CE4325EB211F4A8D00400FE5 /* GoogleService-Info.plist */; };
		CE9833EB2199D57000A53F8C /* AboutViewController.swift in Sources */ = {isa = PBXBuildFile; fileRef = CE9833EA2199D57000A53F8C /* AboutViewController.swift */; };
		EA40A9A821997D830035CE2B /* SettingViewController.swift in Sources */ = {isa = PBXBuildFile; fileRef = EA40A9A721997D830035CE2B /* SettingViewController.swift */; };
		EABE1A0D211EF0B9003EE6DD /* AppDelegate.swift in Sources */ = {isa = PBXBuildFile; fileRef = EABE1A0C211EF0B9003EE6DD /* AppDelegate.swift */; };
		EABE1A14211EF0BA003EE6DD /* Assets.xcassets in Resources */ = {isa = PBXBuildFile; fileRef = EABE1A13211EF0BA003EE6DD /* Assets.xcassets */; };
		EABE1A17211EF0BA003EE6DD /* LaunchScreen.storyboard in Resources */ = {isa = PBXBuildFile; fileRef = EABE1A15211EF0BA003EE6DD /* LaunchScreen.storyboard */; };
		EABE1A23211EF133003EE6DD /* LoginStoryboard.storyboard in Resources */ = {isa = PBXBuildFile; fileRef = EABE1A22211EF133003EE6DD /* LoginStoryboard.storyboard */; };
		EABE1A25211EF142003EE6DD /* ExerciseStoryboard.storyboard in Resources */ = {isa = PBXBuildFile; fileRef = EABE1A24211EF142003EE6DD /* ExerciseStoryboard.storyboard */; };
		EABE1A2A211EF2AD003EE6DD /* SplashViewController.swift in Sources */ = {isa = PBXBuildFile; fileRef = EABE1A29211EF2AD003EE6DD /* SplashViewController.swift */; };
		EABE1A2C211EF2D4003EE6DD /* OnboardingViewController.swift in Sources */ = {isa = PBXBuildFile; fileRef = EABE1A2B211EF2D4003EE6DD /* OnboardingViewController.swift */; };
		EABE1A2E211EF2E1003EE6DD /* LoginViewController.swift in Sources */ = {isa = PBXBuildFile; fileRef = EABE1A2D211EF2E1003EE6DD /* LoginViewController.swift */; };
		EABE1A32211EF310003EE6DD /* HomeViewController.swift in Sources */ = {isa = PBXBuildFile; fileRef = EABE1A31211EF310003EE6DD /* HomeViewController.swift */; };
		EABE1A36211EF35D003EE6DD /* UserExerciseInfoViewController.swift in Sources */ = {isa = PBXBuildFile; fileRef = EABE1A35211EF35D003EE6DD /* UserExerciseInfoViewController.swift */; };
		EABE1A39211EF3BC003EE6DD /* ChartViewController.swift in Sources */ = {isa = PBXBuildFile; fileRef = EABE1A38211EF3BC003EE6DD /* ChartViewController.swift */; };
		EADB18F321204CBA002CE2D2 /* ExerciseInfoViewController.swift in Sources */ = {isa = PBXBuildFile; fileRef = EADB18F121204CBA002CE2D2 /* ExerciseInfoViewController.swift */; };
		EADB18F421204CBA002CE2D2 /* ExerciseInfoViewController.xib in Resources */ = {isa = PBXBuildFile; fileRef = EADB18F221204CBA002CE2D2 /* ExerciseInfoViewController.xib */; };
		EAFA4361216A15170048267F /* Activity.swift in Sources */ = {isa = PBXBuildFile; fileRef = EAFA4360216A15170048267F /* Activity.swift */; };
		EAFA4364216A152A0048267F /* Extender.swift in Sources */ = {isa = PBXBuildFile; fileRef = EAFA4362216A152A0048267F /* Extender.swift */; };
		EAFA4365216A152A0048267F /* Constant.swift in Sources */ = {isa = PBXBuildFile; fileRef = EAFA4363216A152A0048267F /* Constant.swift */; };
		EAFA4368216A15BA0048267F /* Button.swift in Sources */ = {isa = PBXBuildFile; fileRef = EAFA4366216A15BA0048267F /* Button.swift */; };
		EAFA4369216A15BA0048267F /* ExerciseHistoryTableViewCell.swift in Sources */ = {isa = PBXBuildFile; fileRef = EAFA4367216A15BA0048267F /* ExerciseHistoryTableViewCell.swift */; };
		EAFA436C216A15E00048267F /* AddNewActivityViewController.swift in Sources */ = {isa = PBXBuildFile; fileRef = EAFA436A216A15E00048267F /* AddNewActivityViewController.swift */; };
		EAFA436D216A15E00048267F /* AddNewActivityViewController.xib in Resources */ = {isa = PBXBuildFile; fileRef = EAFA436B216A15E00048267F /* AddNewActivityViewController.xib */; };
		EAFA4370216A169D0048267F /* screen2.png in Resources */ = {isa = PBXBuildFile; fileRef = EAFA436F216A169D0048267F /* screen2.png */; };
		EAFA4372216A17760048267F /* runningman.png in Resources */ = {isa = PBXBuildFile; fileRef = EAFA4371216A17760048267F /* runningman.png */; };
		EAFA4374216A19AA0048267F /* screen1.png in Resources */ = {isa = PBXBuildFile; fileRef = EAFA4373216A19AA0048267F /* screen1.png */; };
		EAFA4376216A20DE0048267F /* screen3.png in Resources */ = {isa = PBXBuildFile; fileRef = EAFA4375216A20DE0048267F /* screen3.png */; };
		EAFA4378216A22710048267F /* screen4.png in Resources */ = {isa = PBXBuildFile; fileRef = EAFA4377216A22700048267F /* screen4.png */; };
/* End PBXBuildFile section */

/* Begin PBXFileReference section */
		496255EB2120249100850949 /* ExerciseListsCollectionViewCell.swift */ = {isa = PBXFileReference; lastKnownFileType = sourcecode.swift; path = ExerciseListsCollectionViewCell.swift; sourceTree = SOURCE_ROOT; };
		7A7535CA4AF77B98D398E8E3 /* Pods-fitnesskeeper.debug.xcconfig */ = {isa = PBXFileReference; includeInIndex = 1; lastKnownFileType = text.xcconfig; name = "Pods-fitnesskeeper.debug.xcconfig"; path = "Pods/Target Support Files/Pods-fitnesskeeper/Pods-fitnesskeeper.debug.xcconfig"; sourceTree = "<group>"; };
		825F637AD0B9621451D9AB30 /* Pods-fitnesskeeper.release.xcconfig */ = {isa = PBXFileReference; includeInIndex = 1; lastKnownFileType = text.xcconfig; name = "Pods-fitnesskeeper.release.xcconfig"; path = "Pods/Target Support Files/Pods-fitnesskeeper/Pods-fitnesskeeper.release.xcconfig"; sourceTree = "<group>"; };
		A7E07F29DAB706F55AB10C30 /* Pods_fitnesskeeper.framework */ = {isa = PBXFileReference; explicitFileType = wrapper.framework; includeInIndex = 0; path = Pods_fitnesskeeper.framework; sourceTree = BUILT_PRODUCTS_DIR; };
		CE37B73B2199646F00F7B67B /* NavigationController.swift */ = {isa = PBXFileReference; fileEncoding = 4; lastKnownFileType = sourcecode.swift; path = NavigationController.swift; sourceTree = "<group>"; };
		CE37B73D2199648700F7B67B /* ChooseNavigationController.swift */ = {isa = PBXFileReference; fileEncoding = 4; lastKnownFileType = sourcecode.swift; path = ChooseNavigationController.swift; sourceTree = "<group>"; };
		CE37B73F2199649A00F7B67B /* ViewController.swift */ = {isa = PBXFileReference; fileEncoding = 4; lastKnownFileType = sourcecode.swift; path = ViewController.swift; sourceTree = "<group>"; };
		CE37B7412199649F00F7B67B /* LeftViewCell.swift */ = {isa = PBXFileReference; fileEncoding = 4; lastKnownFileType = sourcecode.swift; path = LeftViewCell.swift; sourceTree = "<group>"; };
		CE37B743219964AA00F7B67B /* LeftViewController.swift */ = {isa = PBXFileReference; fileEncoding = 4; lastKnownFileType = sourcecode.swift; path = LeftViewController.swift; sourceTree = "<group>"; };
		CE4325EB211F4A8D00400FE5 /* GoogleService-Info.plist */ = {isa = PBXFileReference; fileEncoding = 4; lastKnownFileType = text.plist.xml; path = "GoogleService-Info.plist"; sourceTree = "<group>"; };
		CE9833EA2199D57000A53F8C /* AboutViewController.swift */ = {isa = PBXFileReference; lastKnownFileType = sourcecode.swift; path = AboutViewController.swift; sourceTree = "<group>"; };
		EA40A9A721997D830035CE2B /* SettingViewController.swift */ = {isa = PBXFileReference; lastKnownFileType = sourcecode.swift; path = SettingViewController.swift; sourceTree = "<group>"; };
		EABE1A09211EF0B9003EE6DD /* fitnesskeeper.app */ = {isa = PBXFileReference; explicitFileType = wrapper.application; includeInIndex = 0; path = fitnesskeeper.app; sourceTree = BUILT_PRODUCTS_DIR; };
		EABE1A0C211EF0B9003EE6DD /* AppDelegate.swift */ = {isa = PBXFileReference; lastKnownFileType = sourcecode.swift; path = AppDelegate.swift; sourceTree = "<group>"; };
		EABE1A13211EF0BA003EE6DD /* Assets.xcassets */ = {isa = PBXFileReference; lastKnownFileType = folder.assetcatalog; path = Assets.xcassets; sourceTree = "<group>"; };
		EABE1A16211EF0BA003EE6DD /* Base */ = {isa = PBXFileReference; lastKnownFileType = file.storyboard; name = Base; path = Base.lproj/LaunchScreen.storyboard; sourceTree = "<group>"; };
		EABE1A18211EF0BA003EE6DD /* Info.plist */ = {isa = PBXFileReference; lastKnownFileType = text.plist.xml; path = Info.plist; sourceTree = "<group>"; };
		EABE1A22211EF133003EE6DD /* LoginStoryboard.storyboard */ = {isa = PBXFileReference; lastKnownFileType = file.storyboard; path = LoginStoryboard.storyboard; sourceTree = "<group>"; };
		EABE1A24211EF142003EE6DD /* ExerciseStoryboard.storyboard */ = {isa = PBXFileReference; lastKnownFileType = file.storyboard; path = ExerciseStoryboard.storyboard; sourceTree = "<group>"; };
		EABE1A29211EF2AD003EE6DD /* SplashViewController.swift */ = {isa = PBXFileReference; lastKnownFileType = sourcecode.swift; path = SplashViewController.swift; sourceTree = "<group>"; };
		EABE1A2B211EF2D4003EE6DD /* OnboardingViewController.swift */ = {isa = PBXFileReference; lastKnownFileType = sourcecode.swift; path = OnboardingViewController.swift; sourceTree = "<group>"; };
		EABE1A2D211EF2E1003EE6DD /* LoginViewController.swift */ = {isa = PBXFileReference; lastKnownFileType = sourcecode.swift; path = LoginViewController.swift; sourceTree = "<group>"; };
		EABE1A31211EF310003EE6DD /* HomeViewController.swift */ = {isa = PBXFileReference; lastKnownFileType = sourcecode.swift; path = HomeViewController.swift; sourceTree = "<group>"; };
		EABE1A35211EF35D003EE6DD /* UserExerciseInfoViewController.swift */ = {isa = PBXFileReference; lastKnownFileType = sourcecode.swift; path = UserExerciseInfoViewController.swift; sourceTree = "<group>"; };
		EABE1A38211EF3BC003EE6DD /* ChartViewController.swift */ = {isa = PBXFileReference; lastKnownFileType = sourcecode.swift; path = ChartViewController.swift; sourceTree = "<group>"; };
		EABE1A3A211EF8B9003EE6DD /* README.md */ = {isa = PBXFileReference; lastKnownFileType = net.daringfireball.markdown; path = README.md; sourceTree = "<group>"; };
		EADB18F121204CBA002CE2D2 /* ExerciseInfoViewController.swift */ = {isa = PBXFileReference; lastKnownFileType = sourcecode.swift; path = ExerciseInfoViewController.swift; sourceTree = "<group>"; };
		EADB18F221204CBA002CE2D2 /* ExerciseInfoViewController.xib */ = {isa = PBXFileReference; lastKnownFileType = file.xib; path = ExerciseInfoViewController.xib; sourceTree = "<group>"; };
		EAFA4360216A15170048267F /* Activity.swift */ = {isa = PBXFileReference; fileEncoding = 4; lastKnownFileType = sourcecode.swift; path = Activity.swift; sourceTree = "<group>"; };
		EAFA4362216A152A0048267F /* Extender.swift */ = {isa = PBXFileReference; fileEncoding = 4; lastKnownFileType = sourcecode.swift; path = Extender.swift; sourceTree = "<group>"; };
		EAFA4363216A152A0048267F /* Constant.swift */ = {isa = PBXFileReference; fileEncoding = 4; lastKnownFileType = sourcecode.swift; path = Constant.swift; sourceTree = "<group>"; };
		EAFA4366216A15BA0048267F /* Button.swift */ = {isa = PBXFileReference; fileEncoding = 4; lastKnownFileType = sourcecode.swift; path = Button.swift; sourceTree = "<group>"; };
		EAFA4367216A15BA0048267F /* ExerciseHistoryTableViewCell.swift */ = {isa = PBXFileReference; fileEncoding = 4; lastKnownFileType = sourcecode.swift; path = ExerciseHistoryTableViewCell.swift; sourceTree = "<group>"; };
		EAFA436A216A15E00048267F /* AddNewActivityViewController.swift */ = {isa = PBXFileReference; fileEncoding = 4; lastKnownFileType = sourcecode.swift; name = AddNewActivityViewController.swift; path = fitnesskeeper/Controllers/Exercise/AddNewActivityViewController.swift; sourceTree = SOURCE_ROOT; };
		EAFA436B216A15E00048267F /* AddNewActivityViewController.xib */ = {isa = PBXFileReference; fileEncoding = 4; lastKnownFileType = file.xib; name = AddNewActivityViewController.xib; path = fitnesskeeper/Controllers/Exercise/AddNewActivityViewController.xib; sourceTree = SOURCE_ROOT; };
		EAFA436F216A169D0048267F /* screen2.png */ = {isa = PBXFileReference; lastKnownFileType = image.png; path = screen2.png; sourceTree = "<group>"; };
		EAFA4371216A17760048267F /* runningman.png */ = {isa = PBXFileReference; lastKnownFileType = image.png; path = runningman.png; sourceTree = "<group>"; };
		EAFA4373216A19AA0048267F /* screen1.png */ = {isa = PBXFileReference; lastKnownFileType = image.png; path = screen1.png; sourceTree = "<group>"; };
		EAFA4375216A20DE0048267F /* screen3.png */ = {isa = PBXFileReference; lastKnownFileType = image.png; path = screen3.png; sourceTree = "<group>"; };
		EAFA4377216A22700048267F /* screen4.png */ = {isa = PBXFileReference; lastKnownFileType = image.png; path = screen4.png; sourceTree = "<group>"; };
/* End PBXFileReference section */

/* Begin PBXFrameworksBuildPhase section */
		EABE1A06211EF0B9003EE6DD /* Frameworks */ = {
			isa = PBXFrameworksBuildPhase;
			buildActionMask = 2147483647;
			files = (
				5B7B9BAB749E5FC0E01CB0B6 /* Pods_fitnesskeeper.framework in Frameworks */,
			);
			runOnlyForDeploymentPostprocessing = 0;
		};
/* End PBXFrameworksBuildPhase section */

/* Begin PBXGroup section */
		9EACD9AF44FAA02344545C09 /* Pods */ = {
			isa = PBXGroup;
			children = (
				7A7535CA4AF77B98D398E8E3 /* Pods-fitnesskeeper.debug.xcconfig */,
				825F637AD0B9621451D9AB30 /* Pods-fitnesskeeper.release.xcconfig */,
			);
			name = Pods;
			sourceTree = "<group>";
		};
		CE90E856219BE5B2004F1837 /* About */ = {
			isa = PBXGroup;
			children = (
				CE9833EA2199D57000A53F8C /* AboutViewController.swift */,
			);
			path = About;
			sourceTree = "<group>";
		};
		EA40A9A4219970E60035CE2B /* SideMenu */ = {
			isa = PBXGroup;
			children = (
				CE37B743219964AA00F7B67B /* LeftViewController.swift */,
			);
			path = SideMenu;
			sourceTree = "<group>";
		};
		EA40A9A921997D860035CE2B /* Setting */ = {
			isa = PBXGroup;
			children = (
				EA40A9A721997D830035CE2B /* SettingViewController.swift */,
			);
			path = Setting;
			sourceTree = "<group>";
		};
		EABE1A00211EF0B9003EE6DD = {
			isa = PBXGroup;
			children = (
				EABE1A3A211EF8B9003EE6DD /* README.md */,
				EABE1A0B211EF0B9003EE6DD /* fitnesskeeper */,
				EABE1A0A211EF0B9003EE6DD /* Products */,
				9EACD9AF44FAA02344545C09 /* Pods */,
				FE662FAB6C0F245ECBE4E4C0 /* Frameworks */,
			);
			sourceTree = "<group>";
		};
		EABE1A0A211EF0B9003EE6DD /* Products */ = {
			isa = PBXGroup;
			children = (
				EABE1A09211EF0B9003EE6DD /* fitnesskeeper.app */,
			);
			name = Products;
			sourceTree = "<group>";
		};
		EABE1A0B211EF0B9003EE6DD /* fitnesskeeper */ = {
			isa = PBXGroup;
			children = (
				EAFA436E216A16900048267F /* Resources */,
				EABE1A26211EF158003EE6DD /* Storyboards */,
				EABE1A21211EF0FF003EE6DD /* AppDelegate */,
				EABE1A20211EF0F4003EE6DD /* Controllers */,
				EABE1A1F211EF0EE003EE6DD /* Views */,
				EABE1A1E211EF0E6003EE6DD /* Model */,
				EABE1A13211EF0BA003EE6DD /* Assets.xcassets */,
				CE4325EB211F4A8D00400FE5 /* GoogleService-Info.plist */,
				EABE1A18211EF0BA003EE6DD /* Info.plist */,
			);
			path = fitnesskeeper;
			sourceTree = "<group>";
		};
		EABE1A1E211EF0E6003EE6DD /* Model */ = {
			isa = PBXGroup;
			children = (
				EAFA4360216A15170048267F /* Activity.swift */,
			);
			path = Model;
			sourceTree = "<group>";
		};
		EABE1A1F211EF0EE003EE6DD /* Views */ = {
			isa = PBXGroup;
			children = (
				CE37B7412199649F00F7B67B /* LeftViewCell.swift */,
				CE37B73D2199648700F7B67B /* ChooseNavigationController.swift */,
				CE37B73F2199649A00F7B67B /* ViewController.swift */,
				CE37B73B2199646F00F7B67B /* NavigationController.swift */,
				EAFA436A216A15E00048267F /* AddNewActivityViewController.swift */,
				EAFA436B216A15E00048267F /* AddNewActivityViewController.xib */,
				EAFA4366216A15BA0048267F /* Button.swift */,
				EAFA4367216A15BA0048267F /* ExerciseHistoryTableViewCell.swift */,
				496255EB2120249100850949 /* ExerciseListsCollectionViewCell.swift */,
			);
			path = Views;
			sourceTree = "<group>";
		};
		EABE1A20211EF0F4003EE6DD /* Controllers */ = {
			isa = PBXGroup;
			children = (
				EA40A9A4219970E60035CE2B /* SideMenu */,
				EABE1A2F211EF2EC003EE6DD /* Login */,
				EABE1A30211EF2F7003EE6DD /* Exercise */,
				CE90E856219BE5B2004F1837 /* About */,
				EABE1A37211EF382003EE6DD /* Chart */,
				EA40A9A921997D860035CE2B /* Setting */,
			);
			path = Controllers;
			sourceTree = "<group>";
		};
		EABE1A21211EF0FF003EE6DD /* AppDelegate */ = {
			isa = PBXGroup;
			children = (
				EABE1A0C211EF0B9003EE6DD /* AppDelegate.swift */,
				EAFA4363216A152A0048267F /* Constant.swift */,
				EAFA4362216A152A0048267F /* Extender.swift */,
			);
			path = AppDelegate;
			sourceTree = "<group>";
		};
		EABE1A26211EF158003EE6DD /* Storyboards */ = {
			isa = PBXGroup;
			children = (
				EABE1A15211EF0BA003EE6DD /* LaunchScreen.storyboard */,
				EABE1A22211EF133003EE6DD /* LoginStoryboard.storyboard */,
				EABE1A24211EF142003EE6DD /* ExerciseStoryboard.storyboard */,
			);
			path = Storyboards;
			sourceTree = "<group>";
		};
		EABE1A2F211EF2EC003EE6DD /* Login */ = {
			isa = PBXGroup;
			children = (
				EABE1A29211EF2AD003EE6DD /* SplashViewController.swift */,
				EABE1A2B211EF2D4003EE6DD /* OnboardingViewController.swift */,
				EABE1A2D211EF2E1003EE6DD /* LoginViewController.swift */,
			);
			path = Login;
			sourceTree = "<group>";
		};
		EABE1A30211EF2F7003EE6DD /* Exercise */ = {
			isa = PBXGroup;
			children = (
				EABE1A31211EF310003EE6DD /* HomeViewController.swift */,
				EABE1A35211EF35D003EE6DD /* UserExerciseInfoViewController.swift */,
				EADB18F121204CBA002CE2D2 /* ExerciseInfoViewController.swift */,
				EADB18F221204CBA002CE2D2 /* ExerciseInfoViewController.xib */,
			);
			path = Exercise;
			sourceTree = "<group>";
		};
		EABE1A37211EF382003EE6DD /* Chart */ = {
			isa = PBXGroup;
			children = (
				EABE1A38211EF3BC003EE6DD /* ChartViewController.swift */,
			);
			path = Chart;
			sourceTree = "<group>";
		};
		EAFA436E216A16900048267F /* Resources */ = {
			isa = PBXGroup;
			children = (
				EAFA436F216A169D0048267F /* screen2.png */,
				EAFA4373216A19AA0048267F /* screen1.png */,
				EAFA4375216A20DE0048267F /* screen3.png */,
				EAFA4377216A22700048267F /* screen4.png */,
				EAFA4371216A17760048267F /* runningman.png */,
			);
			path = Resources;
			sourceTree = "<group>";
		};
		FE662FAB6C0F245ECBE4E4C0 /* Frameworks */ = {
			isa = PBXGroup;
			children = (
				A7E07F29DAB706F55AB10C30 /* Pods_fitnesskeeper.framework */,
			);
			name = Frameworks;
			sourceTree = "<group>";
		};
/* End PBXGroup section */

/* Begin PBXNativeTarget section */
		EABE1A08211EF0B9003EE6DD /* fitnesskeeper */ = {
			isa = PBXNativeTarget;
			buildConfigurationList = EABE1A1B211EF0BA003EE6DD /* Build configuration list for PBXNativeTarget "fitnesskeeper" */;
			buildPhases = (
				C664FA4BCD0C071D72FA654C /* [CP] Check Pods Manifest.lock */,
				EABE1A05211EF0B9003EE6DD /* Sources */,
				EABE1A06211EF0B9003EE6DD /* Frameworks */,
				EABE1A07211EF0B9003EE6DD /* Resources */,
				035B282DC34A2947BAF15CB1 /* [CP] Embed Pods Frameworks */,
			);
			buildRules = (
			);
			dependencies = (
			);
			name = fitnesskeeper;
			productName = fitnesskeeper;
			productReference = EABE1A09211EF0B9003EE6DD /* fitnesskeeper.app */;
			productType = "com.apple.product-type.application";
		};
/* End PBXNativeTarget section */

/* Begin PBXProject section */
		EABE1A01211EF0B9003EE6DD /* Project object */ = {
			isa = PBXProject;
			attributes = {
				LastSwiftUpdateCheck = 0940;
				LastUpgradeCheck = 0940;
				ORGANIZATIONNAME = "Min Aung Hein";
				TargetAttributes = {
					EABE1A08211EF0B9003EE6DD = {
						CreatedOnToolsVersion = 9.4;
					};
				};
			};
			buildConfigurationList = EABE1A04211EF0B9003EE6DD /* Build configuration list for PBXProject "fitnesskeeper" */;
			compatibilityVersion = "Xcode 9.3";
			developmentRegion = en;
			hasScannedForEncodings = 0;
			knownRegions = (
				en,
				Base,
			);
			mainGroup = EABE1A00211EF0B9003EE6DD;
			productRefGroup = EABE1A0A211EF0B9003EE6DD /* Products */;
			projectDirPath = "";
			projectRoot = "";
			targets = (
				EABE1A08211EF0B9003EE6DD /* fitnesskeeper */,
			);
		};
/* End PBXProject section */

/* Begin PBXResourcesBuildPhase section */
		EABE1A07211EF0B9003EE6DD /* Resources */ = {
			isa = PBXResourcesBuildPhase;
			buildActionMask = 2147483647;
			files = (
				EAFA4370216A169D0048267F /* screen2.png in Resources */,
				EAFA436D216A15E00048267F /* AddNewActivityViewController.xib in Resources */,
				EAFA4372216A17760048267F /* runningman.png in Resources */,
				EAFA4376216A20DE0048267F /* screen3.png in Resources */,
				EAFA4374216A19AA0048267F /* screen1.png in Resources */,
				EABE1A17211EF0BA003EE6DD /* LaunchScreen.storyboard in Resources */,
				EABE1A14211EF0BA003EE6DD /* Assets.xcassets in Resources */,
				CE4325EC211F4A8D00400FE5 /* GoogleService-Info.plist in Resources */,
				EABE1A23211EF133003EE6DD /* LoginStoryboard.storyboard in Resources */,
				EADB18F421204CBA002CE2D2 /* ExerciseInfoViewController.xib in Resources */,
				EAFA4378216A22710048267F /* screen4.png in Resources */,
				EABE1A25211EF142003EE6DD /* ExerciseStoryboard.storyboard in Resources */,
			);
			runOnlyForDeploymentPostprocessing = 0;
		};
/* End PBXResourcesBuildPhase section */

/* Begin PBXShellScriptBuildPhase section */
		035B282DC34A2947BAF15CB1 /* [CP] Embed Pods Frameworks */ = {
			isa = PBXShellScriptBuildPhase;
			buildActionMask = 2147483647;
			files = (
			);
			inputPaths = (
				"${SRCROOT}/Pods/Target Support Files/Pods-fitnesskeeper/Pods-fitnesskeeper-frameworks.sh",
				"${BUILT_PRODUCTS_DIR}/Eureka/Eureka.framework",
				"${BUILT_PRODUCTS_DIR}/GTMSessionFetcher/GTMSessionFetcher.framework",
				"${BUILT_PRODUCTS_DIR}/GoogleUtilities/GoogleUtilities.framework",
				"${BUILT_PRODUCTS_DIR}/IQKeyboardManagerSwift/IQKeyboardManagerSwift.framework",
				"${BUILT_PRODUCTS_DIR}/Kingfisher/Kingfisher.framework",
				"${BUILT_PRODUCTS_DIR}/LGSideMenuController/LGSideMenuController.framework",
				"${BUILT_PRODUCTS_DIR}/NVActivityIndicatorView/NVActivityIndicatorView.framework",
				"${BUILT_PRODUCTS_DIR}/leveldb-library/leveldb.framework",
				"${BUILT_PRODUCTS_DIR}/nanopb/nanopb.framework",
				"${BUILT_PRODUCTS_DIR}/paper-onboarding/paper_onboarding.framework",
			);
			name = "[CP] Embed Pods Frameworks";
			outputPaths = (
				"${TARGET_BUILD_DIR}/${FRAMEWORKS_FOLDER_PATH}/Eureka.framework",
				"${TARGET_BUILD_DIR}/${FRAMEWORKS_FOLDER_PATH}/GTMSessionFetcher.framework",
				"${TARGET_BUILD_DIR}/${FRAMEWORKS_FOLDER_PATH}/GoogleUtilities.framework",
				"${TARGET_BUILD_DIR}/${FRAMEWORKS_FOLDER_PATH}/IQKeyboardManagerSwift.framework",
				"${TARGET_BUILD_DIR}/${FRAMEWORKS_FOLDER_PATH}/Kingfisher.framework",
				"${TARGET_BUILD_DIR}/${FRAMEWORKS_FOLDER_PATH}/LGSideMenuController.framework",
				"${TARGET_BUILD_DIR}/${FRAMEWORKS_FOLDER_PATH}/NVActivityIndicatorView.framework",
				"${TARGET_BUILD_DIR}/${FRAMEWORKS_FOLDER_PATH}/leveldb.framework",
				"${TARGET_BUILD_DIR}/${FRAMEWORKS_FOLDER_PATH}/nanopb.framework",
				"${TARGET_BUILD_DIR}/${FRAMEWORKS_FOLDER_PATH}/paper_onboarding.framework",
			);
			runOnlyForDeploymentPostprocessing = 0;
			shellPath = /bin/sh;
			shellScript = "\"${SRCROOT}/Pods/Target Support Files/Pods-fitnesskeeper/Pods-fitnesskeeper-frameworks.sh\"\n";
			showEnvVarsInLog = 0;
		};
		C664FA4BCD0C071D72FA654C /* [CP] Check Pods Manifest.lock */ = {
			isa = PBXShellScriptBuildPhase;
			buildActionMask = 2147483647;
			files = (
			);
			inputPaths = (
				"${PODS_PODFILE_DIR_PATH}/Podfile.lock",
				"${PODS_ROOT}/Manifest.lock",
			);
			name = "[CP] Check Pods Manifest.lock";
			outputPaths = (
				"$(DERIVED_FILE_DIR)/Pods-fitnesskeeper-checkManifestLockResult.txt",
			);
			runOnlyForDeploymentPostprocessing = 0;
			shellPath = /bin/sh;
			shellScript = "diff \"${PODS_PODFILE_DIR_PATH}/Podfile.lock\" \"${PODS_ROOT}/Manifest.lock\" > /dev/null\nif [ $? != 0 ] ; then\n    # print error to STDERR\n    echo \"error: The sandbox is not in sync with the Podfile.lock. Run 'pod install' or update your CocoaPods installation.\" >&2\n    exit 1\nfi\n# This output is used by Xcode 'outputs' to avoid re-running this script phase.\necho \"SUCCESS\" > \"${SCRIPT_OUTPUT_FILE_0}\"\n";
			showEnvVarsInLog = 0;
		};
/* End PBXShellScriptBuildPhase section */

/* Begin PBXSourcesBuildPhase section */
		EABE1A05211EF0B9003EE6DD /* Sources */ = {
			isa = PBXSourcesBuildPhase;
			buildActionMask = 2147483647;
			files = (
				EABE1A32211EF310003EE6DD /* HomeViewController.swift in Sources */,
				EA40A9A821997D830035CE2B /* SettingViewController.swift in Sources */,
				CE9833EB2199D57000A53F8C /* AboutViewController.swift in Sources */,
				EABE1A2E211EF2E1003EE6DD /* LoginViewController.swift in Sources */,
				CE37B7422199649F00F7B67B /* LeftViewCell.swift in Sources */,
				EABE1A0D211EF0B9003EE6DD /* AppDelegate.swift in Sources */,
				EAFA436C216A15E00048267F /* AddNewActivityViewController.swift in Sources */,
				EABE1A2C211EF2D4003EE6DD /* OnboardingViewController.swift in Sources */,
				EAFA4364216A152A0048267F /* Extender.swift in Sources */,
				CE37B73E2199648700F7B67B /* ChooseNavigationController.swift in Sources */,
				EADB18F321204CBA002CE2D2 /* ExerciseInfoViewController.swift in Sources */,
				EABE1A36211EF35D003EE6DD /* UserExerciseInfoViewController.swift in Sources */,
				EABE1A39211EF3BC003EE6DD /* ChartViewController.swift in Sources */,
				CE37B73C2199646F00F7B67B /* NavigationController.swift in Sources */,
				EAFA4365216A152A0048267F /* Constant.swift in Sources */,
				CE37B744219964AA00F7B67B /* LeftViewController.swift in Sources */,
				CE37B7402199649A00F7B67B /* ViewController.swift in Sources */,
				496255EC2120249100850949 /* ExerciseListsCollectionViewCell.swift in Sources */,
				EAFA4361216A15170048267F /* Activity.swift in Sources */,
				EAFA4368216A15BA0048267F /* Button.swift in Sources */,
				EAFA4369216A15BA0048267F /* ExerciseHistoryTableViewCell.swift in Sources */,
				EABE1A2A211EF2AD003EE6DD /* SplashViewController.swift in Sources */,
			);
			runOnlyForDeploymentPostprocessing = 0;
		};
/* End PBXSourcesBuildPhase section */

/* Begin PBXVariantGroup section */
		EABE1A15211EF0BA003EE6DD /* LaunchScreen.storyboard */ = {
			isa = PBXVariantGroup;
			children = (
				EABE1A16211EF0BA003EE6DD /* Base */,
			);
			name = LaunchScreen.storyboard;
			sourceTree = "<group>";
		};
/* End PBXVariantGroup section */

/* Begin XCBuildConfiguration section */
		EABE1A19211EF0BA003EE6DD /* Debug */ = {
			isa = XCBuildConfiguration;
			buildSettings = {
				ALWAYS_SEARCH_USER_PATHS = NO;
				CLANG_ANALYZER_NONNULL = YES;
				CLANG_ANALYZER_NUMBER_OBJECT_CONVERSION = YES_AGGRESSIVE;
				CLANG_CXX_LANGUAGE_STANDARD = "gnu++14";
				CLANG_CXX_LIBRARY = "libc++";
				CLANG_ENABLE_MODULES = YES;
				CLANG_ENABLE_OBJC_ARC = YES;
				CLANG_ENABLE_OBJC_WEAK = YES;
				CLANG_WARN_BLOCK_CAPTURE_AUTORELEASING = YES;
				CLANG_WARN_BOOL_CONVERSION = YES;
				CLANG_WARN_COMMA = YES;
				CLANG_WARN_CONSTANT_CONVERSION = YES;
				CLANG_WARN_DEPRECATED_OBJC_IMPLEMENTATIONS = YES;
				CLANG_WARN_DIRECT_OBJC_ISA_USAGE = YES_ERROR;
				CLANG_WARN_DOCUMENTATION_COMMENTS = YES;
				CLANG_WARN_EMPTY_BODY = YES;
				CLANG_WARN_ENUM_CONVERSION = YES;
				CLANG_WARN_INFINITE_RECURSION = YES;
				CLANG_WARN_INT_CONVERSION = YES;
				CLANG_WARN_NON_LITERAL_NULL_CONVERSION = YES;
				CLANG_WARN_OBJC_IMPLICIT_RETAIN_SELF = YES;
				CLANG_WARN_OBJC_LITERAL_CONVERSION = YES;
				CLANG_WARN_OBJC_ROOT_CLASS = YES_ERROR;
				CLANG_WARN_RANGE_LOOP_ANALYSIS = YES;
				CLANG_WARN_STRICT_PROTOTYPES = YES;
				CLANG_WARN_SUSPICIOUS_MOVE = YES;
				CLANG_WARN_UNGUARDED_AVAILABILITY = YES_AGGRESSIVE;
				CLANG_WARN_UNREACHABLE_CODE = YES;
				CLANG_WARN__DUPLICATE_METHOD_MATCH = YES;
				CODE_SIGN_IDENTITY = "iPhone Developer";
				COPY_PHASE_STRIP = NO;
				DEBUG_INFORMATION_FORMAT = dwarf;
				ENABLE_STRICT_OBJC_MSGSEND = YES;
				ENABLE_TESTABILITY = YES;
				GCC_C_LANGUAGE_STANDARD = gnu11;
				GCC_DYNAMIC_NO_PIC = NO;
				GCC_NO_COMMON_BLOCKS = YES;
				GCC_OPTIMIZATION_LEVEL = 0;
				GCC_PREPROCESSOR_DEFINITIONS = (
					"DEBUG=1",
					"$(inherited)",
				);
				GCC_WARN_64_TO_32_BIT_CONVERSION = YES;
				GCC_WARN_ABOUT_RETURN_TYPE = YES_ERROR;
				GCC_WARN_UNDECLARED_SELECTOR = YES;
				GCC_WARN_UNINITIALIZED_AUTOS = YES_AGGRESSIVE;
				GCC_WARN_UNUSED_FUNCTION = YES;
				GCC_WARN_UNUSED_VARIABLE = YES;
				IPHONEOS_DEPLOYMENT_TARGET = 11.4;
				MTL_ENABLE_DEBUG_INFO = YES;
				ONLY_ACTIVE_ARCH = YES;
				SDKROOT = iphoneos;
				SWIFT_ACTIVE_COMPILATION_CONDITIONS = DEBUG;
				SWIFT_OPTIMIZATION_LEVEL = "-Onone";
			};
			name = Debug;
		};
		EABE1A1A211EF0BA003EE6DD /* Release */ = {
			isa = XCBuildConfiguration;
			buildSettings = {
				ALWAYS_SEARCH_USER_PATHS = NO;
				CLANG_ANALYZER_NONNULL = YES;
				CLANG_ANALYZER_NUMBER_OBJECT_CONVERSION = YES_AGGRESSIVE;
				CLANG_CXX_LANGUAGE_STANDARD = "gnu++14";
				CLANG_CXX_LIBRARY = "libc++";
				CLANG_ENABLE_MODULES = YES;
				CLANG_ENABLE_OBJC_ARC = YES;
				CLANG_ENABLE_OBJC_WEAK = YES;
				CLANG_WARN_BLOCK_CAPTURE_AUTORELEASING = YES;
				CLANG_WARN_BOOL_CONVERSION = YES;
				CLANG_WARN_COMMA = YES;
				CLANG_WARN_CONSTANT_CONVERSION = YES;
				CLANG_WARN_DEPRECATED_OBJC_IMPLEMENTATIONS = YES;
				CLANG_WARN_DIRECT_OBJC_ISA_USAGE = YES_ERROR;
				CLANG_WARN_DOCUMENTATION_COMMENTS = YES;
				CLANG_WARN_EMPTY_BODY = YES;
				CLANG_WARN_ENUM_CONVERSION = YES;
				CLANG_WARN_INFINITE_RECURSION = YES;
				CLANG_WARN_INT_CONVERSION = YES;
				CLANG_WARN_NON_LITERAL_NULL_CONVERSION = YES;
				CLANG_WARN_OBJC_IMPLICIT_RETAIN_SELF = YES;
				CLANG_WARN_OBJC_LITERAL_CONVERSION = YES;
				CLANG_WARN_OBJC_ROOT_CLASS = YES_ERROR;
				CLANG_WARN_RANGE_LOOP_ANALYSIS = YES;
				CLANG_WARN_STRICT_PROTOTYPES = YES;
				CLANG_WARN_SUSPICIOUS_MOVE = YES;
				CLANG_WARN_UNGUARDED_AVAILABILITY = YES_AGGRESSIVE;
				CLANG_WARN_UNREACHABLE_CODE = YES;
				CLANG_WARN__DUPLICATE_METHOD_MATCH = YES;
				CODE_SIGN_IDENTITY = "iPhone Developer";
				COPY_PHASE_STRIP = NO;
				DEBUG_INFORMATION_FORMAT = "dwarf-with-dsym";
				ENABLE_NS_ASSERTIONS = NO;
				ENABLE_STRICT_OBJC_MSGSEND = YES;
				GCC_C_LANGUAGE_STANDARD = gnu11;
				GCC_NO_COMMON_BLOCKS = YES;
				GCC_WARN_64_TO_32_BIT_CONVERSION = YES;
				GCC_WARN_ABOUT_RETURN_TYPE = YES_ERROR;
				GCC_WARN_UNDECLARED_SELECTOR = YES;
				GCC_WARN_UNINITIALIZED_AUTOS = YES_AGGRESSIVE;
				GCC_WARN_UNUSED_FUNCTION = YES;
				GCC_WARN_UNUSED_VARIABLE = YES;
				IPHONEOS_DEPLOYMENT_TARGET = 11.4;
				MTL_ENABLE_DEBUG_INFO = NO;
				SDKROOT = iphoneos;
				SWIFT_COMPILATION_MODE = wholemodule;
				SWIFT_OPTIMIZATION_LEVEL = "-O";
				VALIDATE_PRODUCT = YES;
			};
			name = Release;
		};
		EABE1A1C211EF0BA003EE6DD /* Debug */ = {
			isa = XCBuildConfiguration;
			baseConfigurationReference = 7A7535CA4AF77B98D398E8E3 /* Pods-fitnesskeeper.debug.xcconfig */;
			buildSettings = {
				ASSETCATALOG_COMPILER_APPICON_NAME = AppIcon;
				CODE_SIGN_IDENTITY = "iPhone Developer";
				CODE_SIGN_STYLE = Manual;
				DEVELOPMENT_TEAM = V2NHD2PTYH;
				INFOPLIST_FILE = fitnesskeeper/Info.plist;
				IPHONEOS_DEPLOYMENT_TARGET = 11.4;
				LD_RUNPATH_SEARCH_PATHS = (
					"$(inherited)",
					"@executable_path/Frameworks",
				);
				PRODUCT_BUNDLE_IDENTIFIER = com.techplus.fitnesskeeper;
				PRODUCT_NAME = "$(TARGET_NAME)";
				PROVISIONING_PROFILE_SPECIFIER = TZOFitnessDev;
				SWIFT_VERSION = 4.0;
				TARGETED_DEVICE_FAMILY = 1;
			};
			name = Debug;
		};
		EABE1A1D211EF0BA003EE6DD /* Release */ = {
			isa = XCBuildConfiguration;
			baseConfigurationReference = 825F637AD0B9621451D9AB30 /* Pods-fitnesskeeper.release.xcconfig */;
			buildSettings = {
				ASSETCATALOG_COMPILER_APPICON_NAME = AppIcon;
				CODE_SIGN_IDENTITY = "iPhone Distribution";
				CODE_SIGN_STYLE = Manual;
				DEVELOPMENT_TEAM = V2NHD2PTYH;
				INFOPLIST_FILE = fitnesskeeper/Info.plist;
				IPHONEOS_DEPLOYMENT_TARGET = 11.4;
				LD_RUNPATH_SEARCH_PATHS = (
					"$(inherited)",
					"@executable_path/Frameworks",
				);
				PRODUCT_BUNDLE_IDENTIFIER = com.techplus.fitnesskeeper;
				PRODUCT_NAME = "$(TARGET_NAME)";
				PROVISIONING_PROFILE_SPECIFIER = TZOFitnessDist;
				SWIFT_VERSION = 4.0;
				TARGETED_DEVICE_FAMILY = 1;
			};
			name = Release;
		};
/* End XCBuildConfiguration section */

/* Begin XCConfigurationList section */
		EABE1A04211EF0B9003EE6DD /* Build configuration list for PBXProject "fitnesskeeper" */ = {
			isa = XCConfigurationList;
			buildConfigurations = (
				EABE1A19211EF0BA003EE6DD /* Debug */,
				EABE1A1A211EF0BA003EE6DD /* Release */,
			);
			defaultConfigurationIsVisible = 0;
			defaultConfigurationName = Release;
		};
		EABE1A1B211EF0BA003EE6DD /* Build configuration list for PBXNativeTarget "fitnesskeeper" */ = {
			isa = XCConfigurationList;
			buildConfigurations = (
				EABE1A1C211EF0BA003EE6DD /* Debug */,
				EABE1A1D211EF0BA003EE6DD /* Release */,
			);
			defaultConfigurationIsVisible = 0;
			defaultConfigurationName = Release;
		};
/* End XCConfigurationList section */
	};
	rootObject = EABE1A01211EF0B9003EE6DD /* Project object */;
}
